
Microsoft Visual Studio Solution File, Format Version 12.00
# Visual Studio Version 17
VisualStudioVersion = 17.0.31423.177
MinimumVisualStudioVersion = 10.0.40219.1
Project("{FAE04EC0-301F-11D3-BF4B-00C04F79EFBC}") = "Rookie.Ecom.Web", "Rookie.Ecom.Web\Rookie.Ecom.Web.csproj", "{94458C78-350C-4662-B995-A0560AF03927}"
EndProject
Project("{FAE04EC0-301F-11D3-BF4B-00C04F79EFBC}") = "Rookie.Ecom.Dashboard", "Rookie.Ecom.Dashboard\Rookie.Ecom.Dashboard.csproj", "{5D7AC4C1-077B-40BE-8278-623C299E0A0B}"
EndProject
Project("{FAE04EC0-301F-11D3-BF4B-00C04F79EFBC}") = "Rookie.Ecom.Identity", "Rookie.Ecom.Identity\Rookie.Ecom.Identity.csproj", "{A195E1DE-1748-4737-AED8-C783B8A45428}"
EndProject
Project("{FAE04EC0-301F-11D3-BF4B-00C04F79EFBC}") = "Rookie.Ecom.Business", "Rookie.Ecom.Business\Rookie.Ecom.Business.csproj", "{465C423D-6C60-4DFF-8C6E-C41F8185E3DE}"
EndProject
Project("{FAE04EC0-301F-11D3-BF4B-00C04F79EFBC}") = "Rookie.Ecom.DataAccessor", "Rookie.Ecom.DataAccessor\Rookie.Ecom.DataAccessor.csproj", "{AB9FFDDD-12F0-470A-9348-A1A9386B3350}"
EndProject
Project("{FAE04EC0-301F-11D3-BF4B-00C04F79EFBC}") = "Rookie.Ecom.Contracts", "Rookie.Ecom.Contracts\Rookie.Ecom.Contracts.csproj", "{39051CFE-9569-43A4-8201-00A1D7E5E5C3}"
EndProject
Project("{2150E333-8FDC-42A3-9474-1A3956D46DE8}") = "Solution Items", "Solution Items", "{D7D4D6F4-FC92-4378-89D2-976BD1461C39}"
	ProjectSection(SolutionItems) = preProject
		Directory.Build.props = Directory.Build.props
	EndProjectSection
EndProject
Global
	GlobalSection(SolutionConfigurationPlatforms) = preSolution
		Debug|Any CPU = Debug|Any CPU
		Release|Any CPU = Release|Any CPU
	EndGlobalSection
	GlobalSection(ProjectConfigurationPlatforms) = postSolution
		{94458C78-350C-4662-B995-A0560AF03927}.Debug|Any CPU.ActiveCfg = Debug|Any CPU
		{94458C78-350C-4662-B995-A0560AF03927}.Debug|Any CPU.Build.0 = Debug|Any CPU
		{94458C78-350C-4662-B995-A0560AF03927}.Release|Any CPU.ActiveCfg = Release|Any CPU
		{94458C78-350C-4662-B995-A0560AF03927}.Release|Any CPU.Build.0 = Release|Any CPU
		{5D7AC4C1-077B-40BE-8278-623C299E0A0B}.Debug|Any CPU.ActiveCfg = Debug|Any CPU
		{5D7AC4C1-077B-40BE-8278-623C299E0A0B}.Debug|Any CPU.Build.0 = Debug|Any CPU
		{5D7AC4C1-077B-40BE-8278-623C299E0A0B}.Release|Any CPU.ActiveCfg = Release|Any CPU
		{5D7AC4C1-077B-40BE-8278-623C299E0A0B}.Release|Any CPU.Build.0 = Release|Any CPU
		{A195E1DE-1748-4737-AED8-C783B8A45428}.Debug|Any CPU.ActiveCfg = Debug|Any CPU
		{A195E1DE-1748-4737-AED8-C783B8A45428}.Debug|Any CPU.Build.0 = Debug|Any CPU
		{A195E1DE-1748-4737-AED8-C783B8A45428}.Release|Any CPU.ActiveCfg = Release|Any CPU
		{A195E1DE-1748-4737-AED8-C783B8A45428}.Release|Any CPU.Build.0 = Release|Any CPU
		{465C423D-6C60-4DFF-8C6E-C41F8185E3DE}.Debug|Any CPU.ActiveCfg = Debug|Any CPU
		{465C423D-6C60-4DFF-8C6E-C41F8185E3DE}.Debug|Any CPU.Build.0 = Debug|Any CPU
		{465C423D-6C60-4DFF-8C6E-C41F8185E3DE}.Release|Any CPU.ActiveCfg = Release|Any CPU
		{465C423D-6C60-4DFF-8C6E-C41F8185E3DE}.Release|Any CPU.Build.0 = Release|Any CPU
		{AB9FFDDD-12F0-470A-9348-A1A9386B3350}.Debug|Any CPU.ActiveCfg = Debug|Any CPU
		{AB9FFDDD-12F0-470A-9348-A1A9386B3350}.Debug|Any CPU.Build.0 = Debug|Any CPU
		{AB9FFDDD-12F0-470A-9348-A1A9386B3350}.Release|Any CPU.ActiveCfg = Release|Any CPU
		{AB9FFDDD-12F0-470A-9348-A1A9386B3350}.Release|Any CPU.Build.0 = Release|Any CPU
		{39051CFE-9569-43A4-8201-00A1D7E5E5C3}.Debug|Any CPU.ActiveCfg = Debug|Any CPU
		{39051CFE-9569-43A4-8201-00A1D7E5E5C3}.Debug|Any CPU.Build.0 = Debug|Any CPU
		{39051CFE-9569-43A4-8201-00A1D7E5E5C3}.Release|Any CPU.ActiveCfg = Release|Any CPU
		{39051CFE-9569-43A4-8201-00A1D7E5E5C3}.Release|Any CPU.Build.0 = Release|Any CPU
	EndGlobalSection
	GlobalSection(SolutionProperties) = preSolution
		HideSolutionNode = FALSE
	EndGlobalSection
	GlobalSection(ExtensibilityGlobals) = postSolution
		SolutionGuid = {D232B4B5-C62F-457D-A297-F0E4B4CA05CF}
	EndGlobalSection
EndGlobal
